<?xml version="1.0" encoding="utf-8"?>
<Solution>
  <Folder Name="/src/">
    <Project Path="src/Robotico.Idempotency/Robotico.Idempotency.csproj" />
  </Folder>
  <Folder Name="/tests/">
    <Project Path="tests/Robotico.Idempotency.Tests/Robotico.Idempotency.Tests.csproj" />
  </Folder>
</Solution>
